
Microsoft Visual Studio Solution File, Format Version 12.00
# Visual Studio Version 16
VisualStudioVersion = 16.0.29009.5
MinimumVisualStudioVersion = 10.0.40219.1
Project("{FAE04EC0-301F-11D3-BF4B-00C04F79EFBC}") = "Proyecto-Bimestral", "..\..\Users\andre\source\repos\SolProyecto-Bimestral\Proyecto-Bimestral\Proyecto-Bimestral.csproj", "{01AAB950-726A-4284-BC5E-FAC96B9B660D}"
EndProject
Global
	GlobalSection(SolutionConfigurationPlatforms) = preSolution
		Debug|Any CPU = Debug|Any CPU
		Release|Any CPU = Release|Any CPU
	EndGlobalSection
	GlobalSection(ProjectConfigurationPlatforms) = postSolution
		{01AAB950-726A-4284-BC5E-FAC96B9B660D}.Debug|Any CPU.ActiveCfg = Debug|Any CPU
		{01AAB950-726A-4284-BC5E-FAC96B9B660D}.Debug|Any CPU.Build.0 = Debug|Any CPU
		{01AAB950-726A-4284-BC5E-FAC96B9B660D}.Release|Any CPU.ActiveCfg = Release|Any CPU
		{01AAB950-726A-4284-BC5E-FAC96B9B660D}.Release|Any CPU.Build.0 = Release|Any CPU
	EndGlobalSection
	GlobalSection(SolutionProperties) = preSolution
		HideSolutionNode = FALSE
	EndGlobalSection
	GlobalSection(ExtensibilityGlobals) = postSolution
		SolutionGuid = {5E23917D-BE3A-4C9B-8758-509FDFFF578F}
	EndGlobalSection
EndGlobal
